// !$*UTF8*$!
{
	archiveVersion = 1;
	classes = {
	};
	objectVersion = 46;
	objects = {

/* Begin PBXBuildFile section */
		0AA669F552F0A392176A7A0E /* libPods.a in Frameworks */ = {isa = PBXBuildFile; fileRef = 64958671C7C753AAC492E3F5 /* libPods.a */; };
		EF09BC9D1CC4807700EC4619 /* FYFareCalendarView.m in Sources */ = {isa = PBXBuildFile; fileRef = EF09BC9C1CC4807700EC4619 /* FYFareCalendarView.m */; };
		EF09BCA11CC4827E00EC4619 /* FYBannerViewItem.m in Sources */ = {isa = PBXBuildFile; fileRef = EF09BCA01CC4827E00EC4619 /* FYBannerViewItem.m */; };
		EF09BCA41CC485F200EC4619 /* FYBannerView.m in Sources */ = {isa = PBXBuildFile; fileRef = EF09BCA31CC485F200EC4619 /* FYBannerView.m */; };
		EF09BCA71CC48B2D00EC4619 /* FYCollectionViewFlowLayout.m in Sources */ = {isa = PBXBuildFile; fileRef = EF09BCA61CC48B2D00EC4619 /* FYCollectionViewFlowLayout.m */; };
		EF09BCAA1CC4936800EC4619 /* FYCollectionViewCell.m in Sources */ = {isa = PBXBuildFile; fileRef = EF09BCA91CC4936800EC4619 /* FYCollectionViewCell.m */; };
		EF09BCAD1CC4C08E00EC4619 /* UIColor+FYImageAdditions.m in Sources */ = {isa = PBXBuildFile; fileRef = EF09BCAC1CC4C08E00EC4619 /* UIColor+FYImageAdditions.m */; };
		EF0CF6B31CC0F53F00BA94C6 /* FYMRCBlockClass.m in Sources */ = {isa = PBXBuildFile; fileRef = EF0CF6B21CC0F53F00BA94C6 /* FYMRCBlockClass.m */; settings = {COMPILER_FLAGS = "-fno-objc-arc"; }; };
		EF0CF6B61CC0F56400BA94C6 /* FYARCBlockClass.m in Sources */ = {isa = PBXBuildFile; fileRef = EF0CF6B51CC0F56400BA94C6 /* FYARCBlockClass.m */; };
		EF39AB9B1CC3E829001A6395 /* FYBannerViewController.m in Sources */ = {isa = PBXBuildFile; fileRef = EF39AB9A1CC3E829001A6395 /* FYBannerViewController.m */; };
		EF4ADD911CBEAF4900948A3F /* FYFirstViewController.m in Sources */ = {isa = PBXBuildFile; fileRef = EF4ADD8C1CBEAF4900948A3F /* FYFirstViewController.m */; };
		EF4ADD921CBEAF4900948A3F /* FYSecondViewController.m in Sources */ = {isa = PBXBuildFile; fileRef = EF4ADD8E1CBEAF4900948A3F /* FYSecondViewController.m */; };
		EF4ADD931CBEAF4900948A3F /* ViewController.m in Sources */ = {isa = PBXBuildFile; fileRef = EF4ADD901CBEAF4900948A3F /* ViewController.m */; };
		EF4ADD991CBEAF5200948A3F /* AppDelegate.m in Sources */ = {isa = PBXBuildFile; fileRef = EF4ADD961CBEAF5200948A3F /* AppDelegate.m */; };
		EF4ADD9B1CBEAF5200948A3F /* main.m in Sources */ = {isa = PBXBuildFile; fileRef = EF4ADD981CBEAF5200948A3F /* main.m */; };
		EF4ADDA01CBEB0DD00948A3F /* FYParametricClass.m in Sources */ = {isa = PBXBuildFile; fileRef = EF4ADD9F1CBEB0DD00948A3F /* FYParametricClass.m */; };
		EF7B231B1CC6A10B00C3DBB5 /* FYPageControl.m in Sources */ = {isa = PBXBuildFile; fileRef = EF7B231A1CC6A10B00C3DBB5 /* FYPageControl.m */; };
		EFDD1F661CAEC89D00AC09B1 /* Main.storyboard in Resources */ = {isa = PBXBuildFile; fileRef = EFDD1F641CAEC89D00AC09B1 /* Main.storyboard */; };
		EFDD1F681CAEC89D00AC09B1 /* Assets.xcassets in Resources */ = {isa = PBXBuildFile; fileRef = EFDD1F671CAEC89D00AC09B1 /* Assets.xcassets */; };
		EFDD1F6B1CAEC89D00AC09B1 /* LaunchScreen.storyboard in Resources */ = {isa = PBXBuildFile; fileRef = EFDD1F691CAEC89D00AC09B1 /* LaunchScreen.storyboard */; };
		EFDD1F761CAEC89D00AC09B1 /* FYBlocksiniOSTests.m in Sources */ = {isa = PBXBuildFile; fileRef = EFDD1F751CAEC89D00AC09B1 /* FYBlocksiniOSTests.m */; };
		EFDD1F811CAEC89D00AC09B1 /* FYBlocksiniOSUITests.m in Sources */ = {isa = PBXBuildFile; fileRef = EFDD1F801CAEC89D00AC09B1 /* FYBlocksiniOSUITests.m */; };
		EFFB91861CC78CD400FFFE1A /* FYCalendarViewController.m in Sources */ = {isa = PBXBuildFile; fileRef = EFFB91851CC78CD400FFFE1A /* FYCalendarViewController.m */; };
		EFFB918C1CC7A54C00FFFE1A /* FYFareCalendarViewController.m in Sources */ = {isa = PBXBuildFile; fileRef = EFFB918B1CC7A54C00FFFE1A /* FYFareCalendarViewController.m */; };
		EFFB91901CC7AE0C00FFFE1A /* FYFareCalendarManager.m in Sources */ = {isa = PBXBuildFile; fileRef = EFFB918F1CC7AE0C00FFFE1A /* FYFareCalendarManager.m */; };
		EFFB91931CC7AFEE00FFFE1A /* FYFareCalendarHeaderModel.m in Sources */ = {isa = PBXBuildFile; fileRef = EFFB91921CC7AFEE00FFFE1A /* FYFareCalendarHeaderModel.m */; };
		EFFB91961CC7B36400FFFE1A /* FYFareCalendarCollectionViewCell.m in Sources */ = {isa = PBXBuildFile; fileRef = EFFB91951CC7B36400FFFE1A /* FYFareCalendarCollectionViewCell.m */; };
		EFFB91991CC7B3A900FFFE1A /* FYCircleLabel.m in Sources */ = {isa = PBXBuildFile; fileRef = EFFB91981CC7B3A900FFFE1A /* FYCircleLabel.m */; };
		EFFB919C1CC7B4CB00FFFE1A /* FYFareCalendarCollectionReusableView.m in Sources */ = {isa = PBXBuildFile; fileRef = EFFB919B1CC7B4CB00FFFE1A /* FYFareCalendarCollectionReusableView.m */; };
		EFFBE6491CC6482100F4957A /* Info.plist in Resources */ = {isa = PBXBuildFile; fileRef = EFFBE6481CC6482100F4957A /* Info.plist */; };
/* End PBXBuildFile section */

/* Begin PBXContainerItemProxy section */
		EFDD1F721CAEC89D00AC09B1 /* PBXContainerItemProxy */ = {
			isa = PBXContainerItemProxy;
			containerPortal = EFDD1F501CAEC89D00AC09B1 /* Project object */;
			proxyType = 1;
			remoteGlobalIDString = EFDD1F571CAEC89D00AC09B1;
			remoteInfo = FYBlocksiniOS;
		};
		EFDD1F7D1CAEC89D00AC09B1 /* PBXContainerItemProxy */ = {
			isa = PBXContainerItemProxy;
			containerPortal = EFDD1F501CAEC89D00AC09B1 /* Project object */;
			proxyType = 1;
			remoteGlobalIDString = EFDD1F571CAEC89D00AC09B1;
			remoteInfo = FYBlocksiniOS;
		};
/* End PBXContainerItemProxy section */

/* Begin PBXFileReference section */
		0236F843FA8B51FA994E77F4 /* Pods.release.xcconfig */ = {isa = PBXFileReference; includeInIndex = 1; lastKnownFileType = text.xcconfig; name = Pods.release.xcconfig; path = "Pods/Target Support Files/Pods/Pods.release.xcconfig"; sourceTree = "<group>"; };
		64958671C7C753AAC492E3F5 /* libPods.a */ = {isa = PBXFileReference; explicitFileType = archive.ar; includeInIndex = 0; path = libPods.a; sourceTree = BUILT_PRODUCTS_DIR; };
		B697AE03AA05C7BA7B6A4E93 /* Pods.debug.xcconfig */ = {isa = PBXFileReference; includeInIndex = 1; lastKnownFileType = text.xcconfig; name = Pods.debug.xcconfig; path = "Pods/Target Support Files/Pods/Pods.debug.xcconfig"; sourceTree = "<group>"; };
		EF09BC9B1CC4807700EC4619 /* FYFareCalendarView.h */ = {isa = PBXFileReference; fileEncoding = 4; lastKnownFileType = sourcecode.c.h; path = FYFareCalendarView.h; sourceTree = "<group>"; };
		EF09BC9C1CC4807700EC4619 /* FYFareCalendarView.m */ = {isa = PBXFileReference; fileEncoding = 4; lastKnownFileType = sourcecode.c.objc; path = FYFareCalendarView.m; sourceTree = "<group>"; };
		EF09BC9F1CC4827E00EC4619 /* FYBannerViewItem.h */ = {isa = PBXFileReference; fileEncoding = 4; lastKnownFileType = sourcecode.c.h; path = FYBannerViewItem.h; sourceTree = "<group>"; };
		EF09BCA01CC4827E00EC4619 /* FYBannerViewItem.m */ = {isa = PBXFileReference; fileEncoding = 4; lastKnownFileType = sourcecode.c.objc; path = FYBannerViewItem.m; sourceTree = "<group>"; };
		EF09BCA21CC485F200EC4619 /* FYBannerView.h */ = {isa = PBXFileReference; fileEncoding = 4; lastKnownFileType = sourcecode.c.h; path = FYBannerView.h; sourceTree = "<group>"; };
		EF09BCA31CC485F200EC4619 /* FYBannerView.m */ = {isa = PBXFileReference; fileEncoding = 4; lastKnownFileType = sourcecode.c.objc; path = FYBannerView.m; sourceTree = "<group>"; };
		EF09BCA51CC48B2D00EC4619 /* FYCollectionViewFlowLayout.h */ = {isa = PBXFileReference; fileEncoding = 4; lastKnownFileType = sourcecode.c.h; path = FYCollectionViewFlowLayout.h; sourceTree = "<group>"; };
		EF09BCA61CC48B2D00EC4619 /* FYCollectionViewFlowLayout.m */ = {isa = PBXFileReference; fileEncoding = 4; lastKnownFileType = sourcecode.c.objc; path = FYCollectionViewFlowLayout.m; sourceTree = "<group>"; };
		EF09BCA81CC4936800EC4619 /* FYCollectionViewCell.h */ = {isa = PBXFileReference; fileEncoding = 4; lastKnownFileType = sourcecode.c.h; path = FYCollectionViewCell.h; sourceTree = "<group>"; };
		EF09BCA91CC4936800EC4619 /* FYCollectionViewCell.m */ = {isa = PBXFileReference; fileEncoding = 4; lastKnownFileType = sourcecode.c.objc; path = FYCollectionViewCell.m; sourceTree = "<group>"; };
		EF09BCAB1CC4C08E00EC4619 /* UIColor+FYImageAdditions.h */ = {isa = PBXFileReference; fileEncoding = 4; lastKnownFileType = sourcecode.c.h; path = "UIColor+FYImageAdditions.h"; sourceTree = "<group>"; };
		EF09BCAC1CC4C08E00EC4619 /* UIColor+FYImageAdditions.m */ = {isa = PBXFileReference; fileEncoding = 4; lastKnownFileType = sourcecode.c.objc; path = "UIColor+FYImageAdditions.m"; sourceTree = "<group>"; };
		EF0CF6B11CC0F53F00BA94C6 /* FYMRCBlockClass.h */ = {isa = PBXFileReference; fileEncoding = 4; lastKnownFileType = sourcecode.c.h; path = FYMRCBlockClass.h; sourceTree = "<group>"; };
		EF0CF6B21CC0F53F00BA94C6 /* FYMRCBlockClass.m */ = {isa = PBXFileReference; fileEncoding = 4; lastKnownFileType = sourcecode.c.objc; path = FYMRCBlockClass.m; sourceTree = "<group>"; };
		EF0CF6B41CC0F56400BA94C6 /* FYARCBlockClass.h */ = {isa = PBXFileReference; fileEncoding = 4; lastKnownFileType = sourcecode.c.h; path = FYARCBlockClass.h; sourceTree = "<group>"; };
		EF0CF6B51CC0F56400BA94C6 /* FYARCBlockClass.m */ = {isa = PBXFileReference; fileEncoding = 4; lastKnownFileType = sourcecode.c.objc; path = FYARCBlockClass.m; sourceTree = "<group>"; };
		EF39AB991CC3E829001A6395 /* FYBannerViewController.h */ = {isa = PBXFileReference; fileEncoding = 4; lastKnownFileType = sourcecode.c.h; path = FYBannerViewController.h; sourceTree = "<group>"; };
		EF39AB9A1CC3E829001A6395 /* FYBannerViewController.m */ = {isa = PBXFileReference; fileEncoding = 4; lastKnownFileType = sourcecode.c.objc; path = FYBannerViewController.m; sourceTree = "<group>"; };
		EF4ADD8B1CBEAF4900948A3F /* FYFirstViewController.h */ = {isa = PBXFileReference; fileEncoding = 4; lastKnownFileType = sourcecode.c.h; path = FYFirstViewController.h; sourceTree = "<group>"; };
		EF4ADD8C1CBEAF4900948A3F /* FYFirstViewController.m */ = {isa = PBXFileReference; fileEncoding = 4; lastKnownFileType = sourcecode.c.objc; path = FYFirstViewController.m; sourceTree = "<group>"; };
		EF4ADD8D1CBEAF4900948A3F /* FYSecondViewController.h */ = {isa = PBXFileReference; fileEncoding = 4; lastKnownFileType = sourcecode.c.h; path = FYSecondViewController.h; sourceTree = "<group>"; };
		EF4ADD8E1CBEAF4900948A3F /* FYSecondViewController.m */ = {isa = PBXFileReference; fileEncoding = 4; lastKnownFileType = sourcecode.c.objc; path = FYSecondViewController.m; sourceTree = "<group>"; };
		EF4ADD8F1CBEAF4900948A3F /* ViewController.h */ = {isa = PBXFileReference; fileEncoding = 4; lastKnownFileType = sourcecode.c.h; path = ViewController.h; sourceTree = "<group>"; };
		EF4ADD901CBEAF4900948A3F /* ViewController.m */ = {isa = PBXFileReference; fileEncoding = 4; lastKnownFileType = sourcecode.c.objc; path = ViewController.m; sourceTree = "<group>"; };
		EF4ADD951CBEAF5200948A3F /* AppDelegate.h */ = {isa = PBXFileReference; fileEncoding = 4; lastKnownFileType = sourcecode.c.h; path = AppDelegate.h; sourceTree = "<group>"; };
		EF4ADD961CBEAF5200948A3F /* AppDelegate.m */ = {isa = PBXFileReference; fileEncoding = 4; lastKnownFileType = sourcecode.c.objc; path = AppDelegate.m; sourceTree = "<group>"; };
		EF4ADD981CBEAF5200948A3F /* main.m */ = {isa = PBXFileReference; fileEncoding = 4; lastKnownFileType = sourcecode.c.objc; path = main.m; sourceTree = "<group>"; };
		EF4ADD9E1CBEB0DD00948A3F /* FYParametricClass.h */ = {isa = PBXFileReference; fileEncoding = 4; lastKnownFileType = sourcecode.c.h; path = FYParametricClass.h; sourceTree = "<group>"; };
		EF4ADD9F1CBEB0DD00948A3F /* FYParametricClass.m */ = {isa = PBXFileReference; fileEncoding = 4; lastKnownFileType = sourcecode.c.objc; path = FYParametricClass.m; sourceTree = "<group>"; };
		EF7B23191CC6A10B00C3DBB5 /* FYPageControl.h */ = {isa = PBXFileReference; fileEncoding = 4; lastKnownFileType = sourcecode.c.h; path = FYPageControl.h; sourceTree = "<group>"; };
		EF7B231A1CC6A10B00C3DBB5 /* FYPageControl.m */ = {isa = PBXFileReference; fileEncoding = 4; lastKnownFileType = sourcecode.c.objc; path = FYPageControl.m; sourceTree = "<group>"; };
		EFDD1F581CAEC89D00AC09B1 /* FYBlocksiniOS.app */ = {isa = PBXFileReference; explicitFileType = wrapper.application; includeInIndex = 0; path = FYBlocksiniOS.app; sourceTree = BUILT_PRODUCTS_DIR; };
		EFDD1F651CAEC89D00AC09B1 /* Base */ = {isa = PBXFileReference; lastKnownFileType = file.storyboard; name = Base; path = Base.lproj/Main.storyboard; sourceTree = "<group>"; };
		EFDD1F671CAEC89D00AC09B1 /* Assets.xcassets */ = {isa = PBXFileReference; lastKnownFileType = folder.assetcatalog; name = Assets.xcassets; path = ../Assets.xcassets; sourceTree = "<group>"; };
		EFDD1F6A1CAEC89D00AC09B1 /* Base */ = {isa = PBXFileReference; lastKnownFileType = file.storyboard; name = Base; path = Base.lproj/LaunchScreen.storyboard; sourceTree = "<group>"; };
		EFDD1F711CAEC89D00AC09B1 /* FYBlocksiniOSTests.xctest */ = {isa = PBXFileReference; explicitFileType = wrapper.cfbundle; includeInIndex = 0; path = FYBlocksiniOSTests.xctest; sourceTree = BUILT_PRODUCTS_DIR; };
		EFDD1F751CAEC89D00AC09B1 /* FYBlocksiniOSTests.m */ = {isa = PBXFileReference; lastKnownFileType = sourcecode.c.objc; path = FYBlocksiniOSTests.m; sourceTree = "<group>"; };
		EFDD1F771CAEC89D00AC09B1 /* Info.plist */ = {isa = PBXFileReference; lastKnownFileType = text.plist.xml; path = Info.plist; sourceTree = "<group>"; };
		EFDD1F7C1CAEC89D00AC09B1 /* FYBlocksiniOSUITests.xctest */ = {isa = PBXFileReference; explicitFileType = wrapper.cfbundle; includeInIndex = 0; path = FYBlocksiniOSUITests.xctest; sourceTree = BUILT_PRODUCTS_DIR; };
		EFDD1F801CAEC89D00AC09B1 /* FYBlocksiniOSUITests.m */ = {isa = PBXFileReference; lastKnownFileType = sourcecode.c.objc; path = FYBlocksiniOSUITests.m; sourceTree = "<group>"; };
		EFDD1F821CAEC89D00AC09B1 /* Info.plist */ = {isa = PBXFileReference; lastKnownFileType = text.plist.xml; path = Info.plist; sourceTree = "<group>"; };
		EFFB91841CC78CD400FFFE1A /* FYCalendarViewController.h */ = {isa = PBXFileReference; fileEncoding = 4; lastKnownFileType = sourcecode.c.h; path = FYCalendarViewController.h; sourceTree = "<group>"; };
		EFFB91851CC78CD400FFFE1A /* FYCalendarViewController.m */ = {isa = PBXFileReference; fileEncoding = 4; lastKnownFileType = sourcecode.c.objc; path = FYCalendarViewController.m; sourceTree = "<group>"; };
		EFFB918A1CC7A54C00FFFE1A /* FYFareCalendarViewController.h */ = {isa = PBXFileReference; fileEncoding = 4; lastKnownFileType = sourcecode.c.h; path = FYFareCalendarViewController.h; sourceTree = "<group>"; };
		EFFB918B1CC7A54C00FFFE1A /* FYFareCalendarViewController.m */ = {isa = PBXFileReference; fileEncoding = 4; lastKnownFileType = sourcecode.c.objc; path = FYFareCalendarViewController.m; sourceTree = "<group>"; };
		EFFB918D1CC7AAD600FFFE1A /* FYFareCalendarDefine.h */ = {isa = PBXFileReference; fileEncoding = 4; lastKnownFileType = sourcecode.c.h; path = FYFareCalendarDefine.h; sourceTree = "<group>"; };
		EFFB918E1CC7AE0C00FFFE1A /* FYFareCalendarManager.h */ = {isa = PBXFileReference; fileEncoding = 4; lastKnownFileType = sourcecode.c.h; path = FYFareCalendarManager.h; sourceTree = "<group>"; };
		EFFB918F1CC7AE0C00FFFE1A /* FYFareCalendarManager.m */ = {isa = PBXFileReference; fileEncoding = 4; lastKnownFileType = sourcecode.c.objc; path = FYFareCalendarManager.m; sourceTree = "<group>"; };
		EFFB91911CC7AFEE00FFFE1A /* FYFareCalendarHeaderModel.h */ = {isa = PBXFileReference; fileEncoding = 4; lastKnownFileType = sourcecode.c.h; path = FYFareCalendarHeaderModel.h; sourceTree = "<group>"; };
		EFFB91921CC7AFEE00FFFE1A /* FYFareCalendarHeaderModel.m */ = {isa = PBXFileReference; fileEncoding = 4; lastKnownFileType = sourcecode.c.objc; path = FYFareCalendarHeaderModel.m; sourceTree = "<group>"; };
		EFFB91941CC7B36400FFFE1A /* FYFareCalendarCollectionViewCell.h */ = {isa = PBXFileReference; fileEncoding = 4; lastKnownFileType = sourcecode.c.h; path = FYFareCalendarCollectionViewCell.h; sourceTree = "<group>"; };
		EFFB91951CC7B36400FFFE1A /* FYFareCalendarCollectionViewCell.m */ = {isa = PBXFileReference; fileEncoding = 4; lastKnownFileType = sourcecode.c.objc; path = FYFareCalendarCollectionViewCell.m; sourceTree = "<group>"; };
		EFFB91971CC7B3A900FFFE1A /* FYCircleLabel.h */ = {isa = PBXFileReference; fileEncoding = 4; lastKnownFileType = sourcecode.c.h; path = FYCircleLabel.h; sourceTree = "<group>"; };
		EFFB91981CC7B3A900FFFE1A /* FYCircleLabel.m */ = {isa = PBXFileReference; fileEncoding = 4; lastKnownFileType = sourcecode.c.objc; path = FYCircleLabel.m; sourceTree = "<group>"; };
		EFFB919A1CC7B4CB00FFFE1A /* FYFareCalendarCollectionReusableView.h */ = {isa = PBXFileReference; fileEncoding = 4; lastKnownFileType = sourcecode.c.h; path = FYFareCalendarCollectionReusableView.h; sourceTree = "<group>"; };
		EFFB919B1CC7B4CB00FFFE1A /* FYFareCalendarCollectionReusableView.m */ = {isa = PBXFileReference; fileEncoding = 4; lastKnownFileType = sourcecode.c.objc; path = FYFareCalendarCollectionReusableView.m; sourceTree = "<group>"; };
		EFFBE6481CC6482100F4957A /* Info.plist */ = {isa = PBXFileReference; fileEncoding = 4; lastKnownFileType = text.plist.xml; path = Info.plist; sourceTree = "<group>"; };
/* End PBXFileReference section */

/* Begin PBXFrameworksBuildPhase section */
		EFDD1F551CAEC89D00AC09B1 /* Frameworks */ = {
			isa = PBXFrameworksBuildPhase;
			buildActionMask = 2147483647;
			files = (
				0AA669F552F0A392176A7A0E /* libPods.a in Frameworks */,
			);
			runOnlyForDeploymentPostprocessing = 0;
		};
		EFDD1F6E1CAEC89D00AC09B1 /* Frameworks */ = {
			isa = PBXFrameworksBuildPhase;
			buildActionMask = 2147483647;
			files = (
			);
			runOnlyForDeploymentPostprocessing = 0;
		};
		EFDD1F791CAEC89D00AC09B1 /* Frameworks */ = {
			isa = PBXFrameworksBuildPhase;
			buildActionMask = 2147483647;
			files = (
			);
			runOnlyForDeploymentPostprocessing = 0;
		};
/* End PBXFrameworksBuildPhase section */

/* Begin PBXGroup section */
		86339D9C88C0BA71D1A89621 /* Pods */ = {
			isa = PBXGroup;
			children = (
				B697AE03AA05C7BA7B6A4E93 /* Pods.debug.xcconfig */,
				0236F843FA8B51FA994E77F4 /* Pods.release.xcconfig */,
			);
			name = Pods;
			sourceTree = "<group>";
		};
		EF09BC991CC4807700EC4619 /* View */ = {
			isa = PBXGroup;
			children = (
				EF09BC9E1CC4812600EC4619 /* FYBannerView */,
				EF09BC9A1CC4807700EC4619 /* FYFareCalendar */,
			);
			path = View;
			sourceTree = "<group>";
		};
		EF09BC9A1CC4807700EC4619 /* FYFareCalendar */ = {
			isa = PBXGroup;
			children = (
				EF09BC9B1CC4807700EC4619 /* FYFareCalendarView.h */,
				EF09BC9C1CC4807700EC4619 /* FYFareCalendarView.m */,
				EFFB918A1CC7A54C00FFFE1A /* FYFareCalendarViewController.h */,
				EFFB918B1CC7A54C00FFFE1A /* FYFareCalendarViewController.m */,
				EFFB918D1CC7AAD600FFFE1A /* FYFareCalendarDefine.h */,
				EFFB918E1CC7AE0C00FFFE1A /* FYFareCalendarManager.h */,
				EFFB918F1CC7AE0C00FFFE1A /* FYFareCalendarManager.m */,
				EFFB91911CC7AFEE00FFFE1A /* FYFareCalendarHeaderModel.h */,
				EFFB91921CC7AFEE00FFFE1A /* FYFareCalendarHeaderModel.m */,
				EFFB91941CC7B36400FFFE1A /* FYFareCalendarCollectionViewCell.h */,
				EFFB91951CC7B36400FFFE1A /* FYFareCalendarCollectionViewCell.m */,
				EFFB91971CC7B3A900FFFE1A /* FYCircleLabel.h */,
				EFFB91981CC7B3A900FFFE1A /* FYCircleLabel.m */,
				EFFB919A1CC7B4CB00FFFE1A /* FYFareCalendarCollectionReusableView.h */,
				EFFB919B1CC7B4CB00FFFE1A /* FYFareCalendarCollectionReusableView.m */,
			);
			path = FYFareCalendar;
			sourceTree = "<group>";
		};
		EF09BC9E1CC4812600EC4619 /* FYBannerView */ = {
			isa = PBXGroup;
			children = (
				EF7B23171CC6A08300C3DBB5 /* FYBannerView */,
				EF7B23181CC6A0A000C3DBB5 /* FYPageControl */,
			);
			path = FYBannerView;
			sourceTree = "<group>";
		};
		EF4ADD891CBEAF4200948A3F /* Model */ = {
			isa = PBXGroup;
			children = (
				EF4ADD9E1CBEB0DD00948A3F /* FYParametricClass.h */,
				EF4ADD9F1CBEB0DD00948A3F /* FYParametricClass.m */,
				EF0CF6B11CC0F53F00BA94C6 /* FYMRCBlockClass.h */,
				EF0CF6B21CC0F53F00BA94C6 /* FYMRCBlockClass.m */,
				EF0CF6B41CC0F56400BA94C6 /* FYARCBlockClass.h */,
				EF0CF6B51CC0F56400BA94C6 /* FYARCBlockClass.m */,
			);
			path = Model;
			sourceTree = "<group>";
		};
		EF4ADD8A1CBEAF4900948A3F /* Controller */ = {
			isa = PBXGroup;
			children = (
				EF4ADD8F1CBEAF4900948A3F /* ViewController.h */,
				EF4ADD901CBEAF4900948A3F /* ViewController.m */,
				EF4ADD8B1CBEAF4900948A3F /* FYFirstViewController.h */,
				EF4ADD8C1CBEAF4900948A3F /* FYFirstViewController.m */,
				EF4ADD8D1CBEAF4900948A3F /* FYSecondViewController.h */,
				EF4ADD8E1CBEAF4900948A3F /* FYSecondViewController.m */,
				EF39AB991CC3E829001A6395 /* FYBannerViewController.h */,
				EF39AB9A1CC3E829001A6395 /* FYBannerViewController.m */,
				EFFB91841CC78CD400FFFE1A /* FYCalendarViewController.h */,
				EFFB91851CC78CD400FFFE1A /* FYCalendarViewController.m */,
			);
			path = Controller;
			sourceTree = "<group>";
		};
		EF4ADD941CBEAF5200948A3F /* Other */ = {
			isa = PBXGroup;
			children = (
				EFFBE6481CC6482100F4957A /* Info.plist */,
				EFDD1F641CAEC89D00AC09B1 /* Main.storyboard */,
				EFDD1F671CAEC89D00AC09B1 /* Assets.xcassets */,
				EFDD1F691CAEC89D00AC09B1 /* LaunchScreen.storyboard */,
				EF4ADD951CBEAF5200948A3F /* AppDelegate.h */,
				EF4ADD961CBEAF5200948A3F /* AppDelegate.m */,
				EF4ADD981CBEAF5200948A3F /* main.m */,
			);
			path = Other;
			sourceTree = "<group>";
		};
		EF7B23171CC6A08300C3DBB5 /* FYBannerView */ = {
			isa = PBXGroup;
			children = (
				EF09BC9F1CC4827E00EC4619 /* FYBannerViewItem.h */,
				EF09BCA01CC4827E00EC4619 /* FYBannerViewItem.m */,
				EF09BCA21CC485F200EC4619 /* FYBannerView.h */,
				EF09BCA31CC485F200EC4619 /* FYBannerView.m */,
				EF09BCA51CC48B2D00EC4619 /* FYCollectionViewFlowLayout.h */,
				EF09BCA61CC48B2D00EC4619 /* FYCollectionViewFlowLayout.m */,
				EF09BCA81CC4936800EC4619 /* FYCollectionViewCell.h */,
				EF09BCA91CC4936800EC4619 /* FYCollectionViewCell.m */,
				EF09BCAB1CC4C08E00EC4619 /* UIColor+FYImageAdditions.h */,
				EF09BCAC1CC4C08E00EC4619 /* UIColor+FYImageAdditions.m */,
			);
			name = FYBannerView;
			sourceTree = "<group>";
		};
		EF7B23181CC6A0A000C3DBB5 /* FYPageControl */ = {
			isa = PBXGroup;
			children = (
				EF7B23191CC6A10B00C3DBB5 /* FYPageControl.h */,
				EF7B231A1CC6A10B00C3DBB5 /* FYPageControl.m */,
			);
			name = FYPageControl;
			sourceTree = "<group>";
		};
		EFDD1F4F1CAEC89D00AC09B1 = {
			isa = PBXGroup;
			children = (
				EFDD1F5A1CAEC89D00AC09B1 /* FYBlocksiniOS */,
				EFDD1F741CAEC89D00AC09B1 /* FYBlocksiniOSTests */,
				EFDD1F7F1CAEC89D00AC09B1 /* FYBlocksiniOSUITests */,
				EFDD1F591CAEC89D00AC09B1 /* Products */,
				86339D9C88C0BA71D1A89621 /* Pods */,
				F1EF0C9E4696B4E58EFA8B79 /* Frameworks */,
			);
			sourceTree = "<group>";
		};
		EFDD1F591CAEC89D00AC09B1 /* Products */ = {
			isa = PBXGroup;
			children = (
				EFDD1F581CAEC89D00AC09B1 /* FYBlocksiniOS.app */,
				EFDD1F711CAEC89D00AC09B1 /* FYBlocksiniOSTests.xctest */,
				EFDD1F7C1CAEC89D00AC09B1 /* FYBlocksiniOSUITests.xctest */,
			);
			name = Products;
			sourceTree = "<group>";
		};
		EFDD1F5A1CAEC89D00AC09B1 /* FYBlocksiniOS */ = {
			isa = PBXGroup;
			children = (
				EF4ADD891CBEAF4200948A3F /* Model */,
				EF09BC991CC4807700EC4619 /* View */,
				EF4ADD8A1CBEAF4900948A3F /* Controller */,
				EF4ADD941CBEAF5200948A3F /* Other */,
				EFDD1F5B1CAEC89D00AC09B1 /* Supporting Files */,
			);
			path = FYBlocksiniOS;
			sourceTree = "<group>";
		};
		EFDD1F5B1CAEC89D00AC09B1 /* Supporting Files */ = {
			isa = PBXGroup;
			children = (
			);
			name = "Supporting Files";
			sourceTree = "<group>";
		};
		EFDD1F741CAEC89D00AC09B1 /* FYBlocksiniOSTests */ = {
			isa = PBXGroup;
			children = (
				EFDD1F751CAEC89D00AC09B1 /* FYBlocksiniOSTests.m */,
				EFDD1F771CAEC89D00AC09B1 /* Info.plist */,
			);
			path = FYBlocksiniOSTests;
			sourceTree = "<group>";
		};
		EFDD1F7F1CAEC89D00AC09B1 /* FYBlocksiniOSUITests */ = {
			isa = PBXGroup;
			children = (
				EFDD1F801CAEC89D00AC09B1 /* FYBlocksiniOSUITests.m */,
				EFDD1F821CAEC89D00AC09B1 /* Info.plist */,
			);
			path = FYBlocksiniOSUITests;
			sourceTree = "<group>";
		};
		F1EF0C9E4696B4E58EFA8B79 /* Frameworks */ = {
			isa = PBXGroup;
			children = (
				64958671C7C753AAC492E3F5 /* libPods.a */,
			);
			name = Frameworks;
			sourceTree = "<group>";
		};
/* End PBXGroup section */

/* Begin PBXNativeTarget section */
		EFDD1F571CAEC89D00AC09B1 /* FYBlocksiniOS */ = {
			isa = PBXNativeTarget;
			buildConfigurationList = EFDD1F851CAEC89D00AC09B1 /* Build configuration list for PBXNativeTarget "FYBlocksiniOS" */;
			buildPhases = (
				EDE743F9E9D9C966CB0B98F4 /* Check Pods Manifest.lock */,
				EFDD1F541CAEC89D00AC09B1 /* Sources */,
				EFDD1F551CAEC89D00AC09B1 /* Frameworks */,
				EFDD1F561CAEC89D00AC09B1 /* Resources */,
				14DE70FD6872DD7EE05027C6 /* Embed Pods Frameworks */,
				269DD2173A8281EE0DEA9E32 /* Copy Pods Resources */,
			);
			buildRules = (
			);
			dependencies = (
			);
			name = FYBlocksiniOS;
			productName = FYBlocksiniOS;
			productReference = EFDD1F581CAEC89D00AC09B1 /* FYBlocksiniOS.app */;
			productType = "com.apple.product-type.application";
		};
		EFDD1F701CAEC89D00AC09B1 /* FYBlocksiniOSTests */ = {
			isa = PBXNativeTarget;
			buildConfigurationList = EFDD1F881CAEC89D00AC09B1 /* Build configuration list for PBXNativeTarget "FYBlocksiniOSTests" */;
			buildPhases = (
				EFDD1F6D1CAEC89D00AC09B1 /* Sources */,
				EFDD1F6E1CAEC89D00AC09B1 /* Frameworks */,
				EFDD1F6F1CAEC89D00AC09B1 /* Resources */,
			);
			buildRules = (
			);
			dependencies = (
				EFDD1F731CAEC89D00AC09B1 /* PBXTargetDependency */,
			);
			name = FYBlocksiniOSTests;
			productName = FYBlocksiniOSTests;
			productReference = EFDD1F711CAEC89D00AC09B1 /* FYBlocksiniOSTests.xctest */;
			productType = "com.apple.product-type.bundle.unit-test";
		};
		EFDD1F7B1CAEC89D00AC09B1 /* FYBlocksiniOSUITests */ = {
			isa = PBXNativeTarget;
			buildConfigurationList = EFDD1F8B1CAEC89D00AC09B1 /* Build configuration list for PBXNativeTarget "FYBlocksiniOSUITests" */;
			buildPhases = (
				EFDD1F781CAEC89D00AC09B1 /* Sources */,
				EFDD1F791CAEC89D00AC09B1 /* Frameworks */,
				EFDD1F7A1CAEC89D00AC09B1 /* Resources */,
			);
			buildRules = (
			);
			dependencies = (
				EFDD1F7E1CAEC89D00AC09B1 /* PBXTargetDependency */,
			);
			name = FYBlocksiniOSUITests;
			productName = FYBlocksiniOSUITests;
			productReference = EFDD1F7C1CAEC89D00AC09B1 /* FYBlocksiniOSUITests.xctest */;
			productType = "com.apple.product-type.bundle.ui-testing";
		};
/* End PBXNativeTarget section */

/* Begin PBXProject section */
		EFDD1F501CAEC89D00AC09B1 /* Project object */ = {
			isa = PBXProject;
			attributes = {
				CLASSPREFIX = FY;
				LastUpgradeCheck = 0720;
				ORGANIZATIONNAME = "Frankenstein Yang";
				TargetAttributes = {
					EFDD1F571CAEC89D00AC09B1 = {
						CreatedOnToolsVersion = 7.2;
						DevelopmentTeam = A6DX2B57M7;
					};
					EFDD1F701CAEC89D00AC09B1 = {
						CreatedOnToolsVersion = 7.2;
						DevelopmentTeam = A6DX2B57M7;
						TestTargetID = EFDD1F571CAEC89D00AC09B1;
					};
					EFDD1F7B1CAEC89D00AC09B1 = {
						CreatedOnToolsVersion = 7.2;
						DevelopmentTeam = A6DX2B57M7;
						TestTargetID = EFDD1F571CAEC89D00AC09B1;
					};
				};
			};
			buildConfigurationList = EFDD1F531CAEC89D00AC09B1 /* Build configuration list for PBXProject "FYBlocksiniOS" */;
			compatibilityVersion = "Xcode 3.2";
			developmentRegion = English;
			hasScannedForEncodings = 0;
			knownRegions = (
				en,
				Base,
			);
			mainGroup = EFDD1F4F1CAEC89D00AC09B1;
			productRefGroup = EFDD1F591CAEC89D00AC09B1 /* Products */;
			projectDirPath = "";
			projectRoot = "";
			targets = (
				EFDD1F571CAEC89D00AC09B1 /* FYBlocksiniOS */,
				EFDD1F701CAEC89D00AC09B1 /* FYBlocksiniOSTests */,
				EFDD1F7B1CAEC89D00AC09B1 /* FYBlocksiniOSUITests */,
			);
		};
/* End PBXProject section */

/* Begin PBXResourcesBuildPhase section */
		EFDD1F561CAEC89D00AC09B1 /* Resources */ = {
			isa = PBXResourcesBuildPhase;
			buildActionMask = 2147483647;
			files = (
				EFFBE6491CC6482100F4957A /* Info.plist in Resources */,
				EFDD1F6B1CAEC89D00AC09B1 /* LaunchScreen.storyboard in Resources */,
				EFDD1F681CAEC89D00AC09B1 /* Assets.xcassets in Resources */,
				EFDD1F661CAEC89D00AC09B1 /* Main.storyboard in Resources */,
			);
			runOnlyForDeploymentPostprocessing = 0;
		};
		EFDD1F6F1CAEC89D00AC09B1 /* Resources */ = {
			isa = PBXResourcesBuildPhase;
			buildActionMask = 2147483647;
			files = (
			);
			runOnlyForDeploymentPostprocessing = 0;
		};
		EFDD1F7A1CAEC89D00AC09B1 /* Resources */ = {
			isa = PBXResourcesBuildPhase;
			buildActionMask = 2147483647;
			files = (
			);
			runOnlyForDeploymentPostprocessing = 0;
		};
/* End PBXResourcesBuildPhase section */

/* Begin PBXShellScriptBuildPhase section */
		14DE70FD6872DD7EE05027C6 /* Embed Pods Frameworks */ = {
			isa = PBXShellScriptBuildPhase;
			buildActionMask = 2147483647;
			files = (
			);
			inputPaths = (
			);
			name = "Embed Pods Frameworks";
			outputPaths = (
			);
			runOnlyForDeploymentPostprocessing = 0;
			shellPath = /bin/sh;
			shellScript = "\"${SRCROOT}/Pods/Target Support Files/Pods/Pods-frameworks.sh\"\n";
			showEnvVarsInLog = 0;
		};
		269DD2173A8281EE0DEA9E32 /* Copy Pods Resources */ = {
			isa = PBXShellScriptBuildPhase;
			buildActionMask = 2147483647;
			files = (
			);
			inputPaths = (
			);
			name = "Copy Pods Resources";
			outputPaths = (
			);
			runOnlyForDeploymentPostprocessing = 0;
			shellPath = /bin/sh;
			shellScript = "\"${SRCROOT}/Pods/Target Support Files/Pods/Pods-resources.sh\"\n";
			showEnvVarsInLog = 0;
		};
		EDE743F9E9D9C966CB0B98F4 /* Check Pods Manifest.lock */ = {
			isa = PBXShellScriptBuildPhase;
			buildActionMask = 2147483647;
			files = (
			);
			inputPaths = (
			);
			name = "Check Pods Manifest.lock";
			outputPaths = (
			);
			runOnlyForDeploymentPostprocessing = 0;
			shellPath = /bin/sh;
			shellScript = "diff \"${PODS_ROOT}/../Podfile.lock\" \"${PODS_ROOT}/Manifest.lock\" > /dev/null\nif [[ $? != 0 ]] ; then\n    cat << EOM\nerror: The sandbox is not in sync with the Podfile.lock. Run 'pod install' or update your CocoaPods installation.\nEOM\n    exit 1\nfi\n";
			showEnvVarsInLog = 0;
		};
/* End PBXShellScriptBuildPhase section */

/* Begin PBXSourcesBuildPhase section */
		EFDD1F541CAEC89D00AC09B1 /* Sources */ = {
			isa = PBXSourcesBuildPhase;
			buildActionMask = 2147483647;
			files = (
				EF4ADD9B1CBEAF5200948A3F /* main.m in Sources */,
				EF4ADD991CBEAF5200948A3F /* AppDelegate.m in Sources */,
				EF09BC9D1CC4807700EC4619 /* FYFareCalendarView.m in Sources */,
				EFFB91961CC7B36400FFFE1A /* FYFareCalendarCollectionViewCell.m in Sources */,
				EF0CF6B61CC0F56400BA94C6 /* FYARCBlockClass.m in Sources */,
				EF09BCA11CC4827E00EC4619 /* FYBannerViewItem.m in Sources */,
				EF4ADD931CBEAF4900948A3F /* ViewController.m in Sources */,
				EFFB91991CC7B3A900FFFE1A /* FYCircleLabel.m in Sources */,
				EF4ADD911CBEAF4900948A3F /* FYFirstViewController.m in Sources */,
				EFFB918C1CC7A54C00FFFE1A /* FYFareCalendarViewController.m in Sources */,
				EFFB91861CC78CD400FFFE1A /* FYCalendarViewController.m in Sources */,
				EF7B231B1CC6A10B00C3DBB5 /* FYPageControl.m in Sources */,
				EF4ADD921CBEAF4900948A3F /* FYSecondViewController.m in Sources */,
				EF09BCA71CC48B2D00EC4619 /* FYCollectionViewFlowLayout.m in Sources */,
				EF4ADDA01CBEB0DD00948A3F /* FYParametricClass.m in Sources */,
				EF39AB9B1CC3E829001A6395 /* FYBannerViewController.m in Sources */,
				EF09BCA41CC485F200EC4619 /* FYBannerView.m in Sources */,
				EF0CF6B31CC0F53F00BA94C6 /* FYMRCBlockClass.m in Sources */,
				EFFB919C1CC7B4CB00FFFE1A /* FYFareCalendarCollectionReusableView.m in Sources */,
				EF09BCAD1CC4C08E00EC4619 /* UIColor+FYImageAdditions.m in Sources */,
				EF09BCAA1CC4936800EC4619 /* FYCollectionViewCell.m in Sources */,
				EFFB91901CC7AE0C00FFFE1A /* FYFareCalendarManager.m in Sources */,
				EFFB91931CC7AFEE00FFFE1A /* FYFareCalendarHeaderModel.m in Sources */,
			);
			runOnlyForDeploymentPostprocessing = 0;
		};
		EFDD1F6D1CAEC89D00AC09B1 /* Sources */ = {
			isa = PBXSourcesBuildPhase;
			buildActionMask = 2147483647;
			files = (
				EFDD1F761CAEC89D00AC09B1 /* FYBlocksiniOSTests.m in Sources */,
			);
			runOnlyForDeploymentPostprocessing = 0;
		};
		EFDD1F781CAEC89D00AC09B1 /* Sources */ = {
			isa = PBXSourcesBuildPhase;
			buildActionMask = 2147483647;
			files = (
				EFDD1F811CAEC89D00AC09B1 /* FYBlocksiniOSUITests.m in Sources */,
			);
			runOnlyForDeploymentPostprocessing = 0;
		};
/* End PBXSourcesBuildPhase section */

/* Begin PBXTargetDependency section */
		EFDD1F731CAEC89D00AC09B1 /* PBXTargetDependency */ = {
			isa = PBXTargetDependency;
			target = EFDD1F571CAEC89D00AC09B1 /* FYBlocksiniOS */;
			targetProxy = EFDD1F721CAEC89D00AC09B1 /* PBXContainerItemProxy */;
		};
		EFDD1F7E1CAEC89D00AC09B1 /* PBXTargetDependency */ = {
			isa = PBXTargetDependency;
			target = EFDD1F571CAEC89D00AC09B1 /* FYBlocksiniOS */;
			targetProxy = EFDD1F7D1CAEC89D00AC09B1 /* PBXContainerItemProxy */;
		};
/* End PBXTargetDependency section */

/* Begin PBXVariantGroup section */
		EFDD1F641CAEC89D00AC09B1 /* Main.storyboard */ = {
			isa = PBXVariantGroup;
			children = (
				EFDD1F651CAEC89D00AC09B1 /* Base */,
			);
			name = Main.storyboard;
			path = ..;
			sourceTree = "<group>";
		};
		EFDD1F691CAEC89D00AC09B1 /* LaunchScreen.storyboard */ = {
			isa = PBXVariantGroup;
			children = (
				EFDD1F6A1CAEC89D00AC09B1 /* Base */,
			);
			name = LaunchScreen.storyboard;
			path = ..;
			sourceTree = "<group>";
		};
/* End PBXVariantGroup section */

/* Begin XCBuildConfiguration section */
		EFDD1F831CAEC89D00AC09B1 /* Debug */ = {
			isa = XCBuildConfiguration;
			buildSettings = {
				ALWAYS_SEARCH_USER_PATHS = NO;
				CLANG_CXX_LANGUAGE_STANDARD = "gnu++0x";
				CLANG_CXX_LIBRARY = "libc++";
				CLANG_ENABLE_MODULES = YES;
				CLANG_ENABLE_OBJC_ARC = YES;
				CLANG_WARN_BOOL_CONVERSION = YES;
				CLANG_WARN_CONSTANT_CONVERSION = YES;
				CLANG_WARN_DIRECT_OBJC_ISA_USAGE = YES_ERROR;
				CLANG_WARN_EMPTY_BODY = YES;
				CLANG_WARN_ENUM_CONVERSION = YES;
				CLANG_WARN_INT_CONVERSION = YES;
				CLANG_WARN_OBJC_ROOT_CLASS = YES_ERROR;
				CLANG_WARN_UNREACHABLE_CODE = YES;
				CLANG_WARN__DUPLICATE_METHOD_MATCH = YES;
				"CODE_SIGN_IDENTITY[sdk=iphoneos*]" = "iPhone Developer";
				COPY_PHASE_STRIP = NO;
				DEBUG_INFORMATION_FORMAT = dwarf;
				ENABLE_STRICT_OBJC_MSGSEND = YES;
				ENABLE_TESTABILITY = YES;
				GCC_C_LANGUAGE_STANDARD = gnu99;
				GCC_DYNAMIC_NO_PIC = NO;
				GCC_NO_COMMON_BLOCKS = YES;
				GCC_OPTIMIZATION_LEVEL = 0;
				GCC_PREPROCESSOR_DEFINITIONS = (
					"DEBUG=1",
					"$(inherited)",
				);
				GCC_WARN_64_TO_32_BIT_CONVERSION = YES;
				GCC_WARN_ABOUT_RETURN_TYPE = YES_ERROR;
				GCC_WARN_UNDECLARED_SELECTOR = YES;
				GCC_WARN_UNINITIALIZED_AUTOS = YES_AGGRESSIVE;
				GCC_WARN_UNUSED_FUNCTION = YES;
				GCC_WARN_UNUSED_VARIABLE = YES;
				IPHONEOS_DEPLOYMENT_TARGET = 9.2;
				MTL_ENABLE_DEBUG_INFO = YES;
				ONLY_ACTIVE_ARCH = YES;
				SDKROOT = iphoneos;
				TARGETED_DEVICE_FAMILY = "1,2";
			};
			name = Debug;
		};
		EFDD1F841CAEC89D00AC09B1 /* Release */ = {
			isa = XCBuildConfiguration;
			buildSettings = {
				ALWAYS_SEARCH_USER_PATHS = NO;
				CLANG_CXX_LANGUAGE_STANDARD = "gnu++0x";
				CLANG_CXX_LIBRARY = "libc++";
				CLANG_ENABLE_MODULES = YES;
				CLANG_ENABLE_OBJC_ARC = YES;
				CLANG_WARN_BOOL_CONVERSION = YES;
				CLANG_WARN_CONSTANT_CONVERSION = YES;
				CLANG_WARN_DIRECT_OBJC_ISA_USAGE = YES_ERROR;
				CLANG_WARN_EMPTY_BODY = YES;
				CLANG_WARN_ENUM_CONVERSION = YES;
				CLANG_WARN_INT_CONVERSION = YES;
				CLANG_WARN_OBJC_ROOT_CLASS = YES_ERROR;
				CLANG_WARN_UNREACHABLE_CODE = YES;
				CLANG_WARN__DUPLICATE_METHOD_MATCH = YES;
				"CODE_SIGN_IDENTITY[sdk=iphoneos*]" = "iPhone Developer";
				COPY_PHASE_STRIP = NO;
				DEBUG_INFORMATION_FORMAT = "dwarf-with-dsym";
				ENABLE_NS_ASSERTIONS = NO;
				ENABLE_STRICT_OBJC_MSGSEND = YES;
				GCC_C_LANGUAGE_STANDARD = gnu99;
				GCC_NO_COMMON_BLOCKS = YES;
				GCC_WARN_64_TO_32_BIT_CONVERSION = YES;
				GCC_WARN_ABOUT_RETURN_TYPE = YES_ERROR;
				GCC_WARN_UNDECLARED_SELECTOR = YES;
				GCC_WARN_UNINITIALIZED_AUTOS = YES_AGGRESSIVE;
				GCC_WARN_UNUSED_FUNCTION = YES;
				GCC_WARN_UNUSED_VARIABLE = YES;
				IPHONEOS_DEPLOYMENT_TARGET = 9.2;
				MTL_ENABLE_DEBUG_INFO = NO;
				SDKROOT = iphoneos;
				TARGETED_DEVICE_FAMILY = "1,2";
				VALIDATE_PRODUCT = YES;
			};
			name = Release;
		};
		EFDD1F861CAEC89D00AC09B1 /* Debug */ = {
			isa = XCBuildConfiguration;
			baseConfigurationReference = B697AE03AA05C7BA7B6A4E93 /* Pods.debug.xcconfig */;
			buildSettings = {
				ASSETCATALOG_COMPILER_APPICON_NAME = AppIcon;
				INFOPLIST_FILE = FYBlocksiniOS/Info.plist;
				LD_RUNPATH_SEARCH_PATHS = "$(inherited) @executable_path/Frameworks";
				PRODUCT_BUNDLE_IDENTIFIER = com.frankenstein.FYBlocksiniOS;
				PRODUCT_NAME = "$(TARGET_NAME)";
				TARGETED_DEVICE_FAMILY = 1;
			};
			name = Debug;
		};
		EFDD1F871CAEC89D00AC09B1 /* Release */ = {
			isa = XCBuildConfiguration;
			baseConfigurationReference = 0236F843FA8B51FA994E77F4 /* Pods.release.xcconfig */;
			buildSettings = {
				ASSETCATALOG_COMPILER_APPICON_NAME = AppIcon;
				INFOPLIST_FILE = FYBlocksiniOS/Info.plist;
				LD_RUNPATH_SEARCH_PATHS = "$(inherited) @executable_path/Frameworks";
				PRODUCT_BUNDLE_IDENTIFIER = com.frankenstein.FYBlocksiniOS;
				PRODUCT_NAME = "$(TARGET_NAME)";
				TARGETED_DEVICE_FAMILY = 1;
			};
			name = Release;
		};
		EFDD1F891CAEC89D00AC09B1 /* Debug */ = {
			isa = XCBuildConfiguration;
			buildSettings = {
				BUNDLE_LOADER = "$(TEST_HOST)";
				INFOPLIST_FILE = FYBlocksiniOSTests/Info.plist;
				LD_RUNPATH_SEARCH_PATHS = "$(inherited) @executable_path/Frameworks @loader_path/Frameworks";
				PRODUCT_BUNDLE_IDENTIFIER = com.frankenstein.FYBlocksiniOSTests;
				PRODUCT_NAME = "$(TARGET_NAME)";
				TEST_HOST = "";
			};
			name = Debug;
		};
		EFDD1F8A1CAEC89D00AC09B1 /* Release */ = {
			isa = XCBuildConfiguration;
			buildSettings = {
				BUNDLE_LOADER = "$(TEST_HOST)";
				INFOPLIST_FILE = FYBlocksiniOSTests/Info.plist;
				LD_RUNPATH_SEARCH_PATHS = "$(inherited) @executable_path/Frameworks @loader_path/Frameworks";
				PRODUCT_BUNDLE_IDENTIFIER = com.frankenstein.FYBlocksiniOSTests;
				PRODUCT_NAME = "$(TARGET_NAME)";
				TEST_HOST = "";
			};
			name = Release;
		};
		EFDD1F8C1CAEC89D00AC09B1 /* Debug */ = {
			isa = XCBuildConfiguration;
			buildSettings = {
				INFOPLIST_FILE = FYBlocksiniOSUITests/Info.plist;
				LD_RUNPATH_SEARCH_PATHS = "$(inherited) @executable_path/Frameworks @loader_path/Frameworks";
				PRODUCT_BUNDLE_IDENTIFIER = com.frankenstein.FYBlocksiniOSUITests;
				PRODUCT_NAME = "$(TARGET_NAME)";
				TEST_TARGET_NAME = FYBlocksiniOS;
				USES_XCTRUNNER = YES;
			};
			name = Debug;
		};
		EFDD1F8D1CAEC89D00AC09B1 /* Release */ = {
			isa = XCBuildConfiguration;
			buildSettings = {
				INFOPLIST_FILE = FYBlocksiniOSUITests/Info.plist;
				LD_RUNPATH_SEARCH_PATHS = "$(inherited) @executable_path/Frameworks @loader_path/Frameworks";
				PRODUCT_BUNDLE_IDENTIFIER = com.frankenstein.FYBlocksiniOSUITests;
				PRODUCT_NAME = "$(TARGET_NAME)";
				TEST_TARGET_NAME = FYBlocksiniOS;
				USES_XCTRUNNER = YES;
			};
			name = Release;
		};
/* End XCBuildConfiguration section */

/* Begin XCConfigurationList section */
		EFDD1F531CAEC89D00AC09B1 /* Build configuration list for PBXProject "FYBlocksiniOS" */ = {
			isa = XCConfigurationList;
			buildConfigurations = (
				EFDD1F831CAEC89D00AC09B1 /* Debug */,
				EFDD1F841CAEC89D00AC09B1 /* Release */,
			);
			defaultConfigurationIsVisible = 0;
			defaultConfigurationName = Release;
		};
		EFDD1F851CAEC89D00AC09B1 /* Build configuration list for PBXNativeTarget "FYBlocksiniOS" */ = {
			isa = XCConfigurationList;
			buildConfigurations = (
				EFDD1F861CAEC89D00AC09B1 /* Debug */,
				EFDD1F871CAEC89D00AC09B1 /* Release */,
			);
			defaultConfigurationIsVisible = 0;
			defaultConfigurationName = Release;
		};
		EFDD1F881CAEC89D00AC09B1 /* Build configuration list for PBXNativeTarget "FYBlocksiniOSTests" */ = {
			isa = XCConfigurationList;
			buildConfigurations = (
				EFDD1F891CAEC89D00AC09B1 /* Debug */,
				EFDD1F8A1CAEC89D00AC09B1 /* Release */,
			);
			defaultConfigurationIsVisible = 0;
			defaultConfigurationName = Release;
		};
		EFDD1F8B1CAEC89D00AC09B1 /* Build configuration list for PBXNativeTarget "FYBlocksiniOSUITests" */ = {
			isa = XCConfigurationList;
			buildConfigurations = (
				EFDD1F8C1CAEC89D00AC09B1 /* Debug */,
				EFDD1F8D1CAEC89D00AC09B1 /* Release */,
			);
			defaultConfigurationIsVisible = 0;
			defaultConfigurationName = Release;
		};
/* End XCConfigurationList section */
	};
	rootObject = EFDD1F501CAEC89D00AC09B1 /* Project object */;
}
